
Microsoft Visual Studio Solution File, Format Version 12.00
# Visual Studio Version 17
VisualStudioVersion = 17.0.31919.166
MinimumVisualStudioVersion = 10.0.40219.1
Project("{FAE04EC0-301F-11D3-BF4B-00C04F79EFBC}") = "OrvosiNobelDijasokCLI", "OrvosiNobelDijasokCLI\OrvosiNobelDijasokCLI.csproj", "{B6B52392-082A-44A1-BDAF-E39DA283732C}"
EndProject
Project("{FAE04EC0-301F-11D3-BF4B-00C04F79EFBC}") = "OrvosiNobelDijasokGUI", "OrvosiNobelDijasokGUI\OrvosiNobelDijasokGUI.csproj", "{FB09B26E-5179-477A-84D2-7CBD54FB76CF}"
EndProject
Global
	GlobalSection(SolutionConfigurationPlatforms) = preSolution
		Debug|Any CPU = Debug|Any CPU
		Release|Any CPU = Release|Any CPU
	EndGlobalSection
	GlobalSection(ProjectConfigurationPlatforms) = postSolution
		{B6B52392-082A-44A1-BDAF-E39DA283732C}.Debug|Any CPU.ActiveCfg = Debug|Any CPU
		{B6B52392-082A-44A1-BDAF-E39DA283732C}.Debug|Any CPU.Build.0 = Debug|Any CPU
		{B6B52392-082A-44A1-BDAF-E39DA283732C}.Release|Any CPU.ActiveCfg = Release|Any CPU
		{B6B52392-082A-44A1-BDAF-E39DA283732C}.Release|Any CPU.Build.0 = Release|Any CPU
		{FB09B26E-5179-477A-84D2-7CBD54FB76CF}.Debug|Any CPU.ActiveCfg = Debug|Any CPU
		{FB09B26E-5179-477A-84D2-7CBD54FB76CF}.Debug|Any CPU.Build.0 = Debug|Any CPU
		{FB09B26E-5179-477A-84D2-7CBD54FB76CF}.Release|Any CPU.ActiveCfg = Release|Any CPU
		{FB09B26E-5179-477A-84D2-7CBD54FB76CF}.Release|Any CPU.Build.0 = Release|Any CPU
	EndGlobalSection
	GlobalSection(SolutionProperties) = preSolution
		HideSolutionNode = FALSE
	EndGlobalSection
	GlobalSection(ExtensibilityGlobals) = postSolution
		SolutionGuid = {40F3128D-0001-4464-A273-FAA755AA6B68}
	EndGlobalSection
EndGlobal
